
Microsoft Visual Studio Solution File, Format Version 12.00
# Visual Studio Version 17
VisualStudioVersion = 17.10.35027.167
MinimumVisualStudioVersion = 10.0.40219.1
Project("{FAE04EC0-301F-11D3-BF4B-00C04F79EFBC}") = "NoteBlockStudioCS", "NoteBlockStudioCS\NoteBlockStudioCS.csproj", "{94F274E7-CBE4-4C3A-9561-A37F33F3506D}"
EndProject
Global
	GlobalSection(SolutionConfigurationPlatforms) = preSolution
		Debug|Any CPU = Debug|Any CPU
		Release|Any CPU = Release|Any CPU
	EndGlobalSection
	GlobalSection(ProjectConfigurationPlatforms) = postSolution
		{94F274E7-CBE4-4C3A-9561-A37F33F3506D}.Debug|Any CPU.ActiveCfg = Debug|Any CPU
		{94F274E7-CBE4-4C3A-9561-A37F33F3506D}.Debug|Any CPU.Build.0 = Debug|Any CPU
		{94F274E7-CBE4-4C3A-9561-A37F33F3506D}.Release|Any CPU.ActiveCfg = Release|Any CPU
		{94F274E7-CBE4-4C3A-9561-A37F33F3506D}.Release|Any CPU.Build.0 = Release|Any CPU
	EndGlobalSection
	GlobalSection(SolutionProperties) = preSolution
		HideSolutionNode = FALSE
	EndGlobalSection
	GlobalSection(ExtensibilityGlobals) = postSolution
		SolutionGuid = {996031A5-D5F8-4B29-AC05-7690B016AA2C}
	EndGlobalSection
EndGlobal
